{
  "name": "05",
  "version": "1.0.0",
  "lockfileVersion": 3,
  "requires": true,
  "packages": {
    "": {
      "name": "05",
      "version": "1.0.0",
      "license": "ISC",
      "dependencies": {
        "@hono/node-server": "^1.19.11",
        "ejs": "^5.0.1",
        "hono": "^4.12.8"
      }
    },
    "node_modules/@hono/node-server": {
      "version": "1.19.11",
      "resolved": "https://registry.npmjs.org/@hono/node-server/-/node-server-1.19.11.tgz",
      "integrity": "sha512-dr8/3zEaB+p0D2n/IUrlPF1HZm586qgJNXK1a9fhg/PzdtkK7Ksd5l312tJX2yBuALqDYBlG20QEbayqPyxn+g==",
      "license": "MIT",
      "engines": {
        "node": ">=18.14.1"
      },
      "peerDependencies": {
        "hono": "^4"
      }
    },
    "node_modules/ejs": {
      "version": "5.0.1",
      "resolved": "https://registry.npmjs.org/ejs/-/ejs-5.0.1.tgz",
      "integrity": "sha512-COqBPFMxuPTPspXl2DkVYaDS3HtrD1GpzOGkNTJ1IYkifq/r9h8SVEFrjA3D9/VJGOEoMQcrlhpntcSUrM8k6A==",
      "license": "Apache-2.0",
      "bin": {
        "ejs": "bin/cli.js"
      },
      "engines": {
        "node": ">=0.12.18"
      }
    },
    "node_modules/hono": {
      "version": "4.12.8",
      "resolved": "https://registry.npmjs.org/hono/-/hono-4.12.8.tgz",
      "integrity": "sha512-VJCEvtrezO1IAR+kqEYnxUOoStaQPGrCmX3j4wDTNOcD1uRPFpGlwQUIW8niPuvHXaTUxeOUl5MMDGrl+tmO9A==",
      "license": "MIT",
      "engines": {
        "node": ">=16.9.0"
      }
    }
  }
}
